
Microsoft Visual Studio Solution File, Format Version 12.00
# Visual Studio Version 17
VisualStudioVersion = 17.14.36414.22 d17.14
MinimumVisualStudioVersion = 10.0.40219.1
Project("{FAE04EC0-301F-11D3-BF4B-00C04F79EFBC}") = "SKTool.CCTVProtocols", "SKTool.CCTVProtocols\SKTool.CCTVProtocols.csproj", "{FDE0DEA4-5C60-4A67-98A2-AE5C03375C3A}"
EndProject
Global
	GlobalSection(SolutionConfigurationPlatforms) = preSolution
		Debug|Any CPU = Debug|Any CPU
		Release|Any CPU = Release|Any CPU
	EndGlobalSection
	GlobalSection(ProjectConfigurationPlatforms) = postSolution
		{FDE0DEA4-5C60-4A67-98A2-AE5C03375C3A}.Debug|Any CPU.ActiveCfg = Debug|Any CPU
		{FDE0DEA4-5C60-4A67-98A2-AE5C03375C3A}.Debug|Any CPU.Build.0 = Debug|Any CPU
		{FDE0DEA4-5C60-4A67-98A2-AE5C03375C3A}.Release|Any CPU.ActiveCfg = Release|Any CPU
		{FDE0DEA4-5C60-4A67-98A2-AE5C03375C3A}.Release|Any CPU.Build.0 = Release|Any CPU
	EndGlobalSection
	GlobalSection(SolutionProperties) = preSolution
		HideSolutionNode = FALSE
	EndGlobalSection
	GlobalSection(ExtensibilityGlobals) = postSolution
		SolutionGuid = {934385D1-59E2-4F67-AB10-0FE949B27627}
	EndGlobalSection
EndGlobal
